// !$*UTF8*$!
{
	archiveVersion = 1;
	classes = {
	};
	objectVersion = 46;
	objects = {

/* Begin PBXBuildFile section */
		6BA18B5E1B02FD6D001F0E95 /* main.cpp in Sources */ = {isa = PBXBuildFile; fileRef = 6BA18B5D1B02FD6D001F0E95 /* main.cpp */; };
		6BA18B691B02FDC3001F0E95 /* linear.cpp in Sources */ = {isa = PBXBuildFile; fileRef = 6BA18B651B02FDC3001F0E95 /* linear.cpp */; };
		6BA18B6A1B02FDC3001F0E95 /* tron.cpp in Sources */ = {isa = PBXBuildFile; fileRef = 6BA18B671B02FDC3001F0E95 /* tron.cpp */; };
		6BA18B7E1B02FE5B001F0E95 /* libopencv_calib3d.2.4.11.dylib in Frameworks */ = {isa = PBXBuildFile; fileRef = 6BA18B6C1B02FE5B001F0E95 /* libopencv_calib3d.2.4.11.dylib */; };
		6BA18B7F1B02FE5B001F0E95 /* libopencv_contrib.2.4.11.dylib in Frameworks */ = {isa = PBXBuildFile; fileRef = 6BA18B6D1B02FE5B001F0E95 /* libopencv_contrib.2.4.11.dylib */; };
		6BA18B801B02FE5B001F0E95 /* libopencv_core.2.4.11.dylib in Frameworks */ = {isa = PBXBuildFile; fileRef = 6BA18B6E1B02FE5B001F0E95 /* libopencv_core.2.4.11.dylib */; };
		6BA18B811B02FE5B001F0E95 /* libopencv_features2d.2.4.11.dylib in Frameworks */ = {isa = PBXBuildFile; fileRef = 6BA18B6F1B02FE5B001F0E95 /* libopencv_features2d.2.4.11.dylib */; };
		6BA18B821B02FE5B001F0E95 /* libopencv_flann.2.4.11.dylib in Frameworks */ = {isa = PBXBuildFile; fileRef = 6BA18B701B02FE5B001F0E95 /* libopencv_flann.2.4.11.dylib */; };
		6BA18B831B02FE5B001F0E95 /* libopencv_gpu.2.4.11.dylib in Frameworks */ = {isa = PBXBuildFile; fileRef = 6BA18B711B02FE5B001F0E95 /* libopencv_gpu.2.4.11.dylib */; };
		6BA18B841B02FE5B001F0E95 /* libopencv_highgui.2.4.11.dylib in Frameworks */ = {isa = PBXBuildFile; fileRef = 6BA18B721B02FE5B001F0E95 /* libopencv_highgui.2.4.11.dylib */; };
		6BA18B851B02FE5B001F0E95 /* libopencv_imgproc.2.4.11.dylib in Frameworks */ = {isa = PBXBuildFile; fileRef = 6BA18B731B02FE5B001F0E95 /* libopencv_imgproc.2.4.11.dylib */; };
		6BA18B861B02FE5B001F0E95 /* libopencv_legacy.2.4.11.dylib in Frameworks */ = {isa = PBXBuildFile; fileRef = 6BA18B741B02FE5B001F0E95 /* libopencv_legacy.2.4.11.dylib */; };
		6BA18B871B02FE5B001F0E95 /* libopencv_ml.2.4.11.dylib in Frameworks */ = {isa = PBXBuildFile; fileRef = 6BA18B751B02FE5B001F0E95 /* libopencv_ml.2.4.11.dylib */; };
		6BA18B881B02FE5B001F0E95 /* libopencv_nonfree.2.4.11.dylib in Frameworks */ = {isa = PBXBuildFile; fileRef = 6BA18B761B02FE5B001F0E95 /* libopencv_nonfree.2.4.11.dylib */; };
		6BA18B891B02FE5B001F0E95 /* libopencv_objdetect.2.4.11.dylib in Frameworks */ = {isa = PBXBuildFile; fileRef = 6BA18B771B02FE5B001F0E95 /* libopencv_objdetect.2.4.11.dylib */; };
		6BA18B8A1B02FE5B001F0E95 /* libopencv_ocl.2.4.11.dylib in Frameworks */ = {isa = PBXBuildFile; fileRef = 6BA18B781B02FE5B001F0E95 /* libopencv_ocl.2.4.11.dylib */; };
		6BA18B8B1B02FE5B001F0E95 /* libopencv_photo.2.4.11.dylib in Frameworks */ = {isa = PBXBuildFile; fileRef = 6BA18B791B02FE5B001F0E95 /* libopencv_photo.2.4.11.dylib */; };
		6BA18B8C1B02FE5B001F0E95 /* libopencv_stitching.2.4.11.dylib in Frameworks */ = {isa = PBXBuildFile; fileRef = 6BA18B7A1B02FE5B001F0E95 /* libopencv_stitching.2.4.11.dylib */; };
		6BA18B8D1B02FE5B001F0E95 /* libopencv_superres.2.4.11.dylib in Frameworks */ = {isa = PBXBuildFile; fileRef = 6BA18B7B1B02FE5B001F0E95 /* libopencv_superres.2.4.11.dylib */; };
		6BA18B8E1B02FE5B001F0E95 /* libopencv_video.2.4.11.dylib in Frameworks */ = {isa = PBXBuildFile; fileRef = 6BA18B7C1B02FE5B001F0E95 /* libopencv_video.2.4.11.dylib */; };
		6BA18B8F1B02FE5B001F0E95 /* libopencv_videostab.2.4.11.dylib in Frameworks */ = {isa = PBXBuildFile; fileRef = 6BA18B7D1B02FE5B001F0E95 /* libopencv_videostab.2.4.11.dylib */; };
		6BA18B9A1B02FF44001F0E95 /* daxpy.c in Sources */ = {isa = PBXBuildFile; fileRef = 6BA18B961B02FF44001F0E95 /* daxpy.c */; };
		6BA18B9B1B02FF44001F0E95 /* ddot.c in Sources */ = {isa = PBXBuildFile; fileRef = 6BA18B971B02FF44001F0E95 /* ddot.c */; };
		6BA18B9C1B02FF44001F0E95 /* dnrm2.c in Sources */ = {isa = PBXBuildFile; fileRef = 6BA18B981B02FF44001F0E95 /* dnrm2.c */; };
		6BA18B9D1B02FF44001F0E95 /* dscal.c in Sources */ = {isa = PBXBuildFile; fileRef = 6BA18B991B02FF44001F0E95 /* dscal.c */; };
/* End PBXBuildFile section */

/* Begin PBXCopyFilesBuildPhase section */
		6BA18B581B02FD6D001F0E95 /* CopyFiles */ = {
			isa = PBXCopyFilesBuildPhase;
			buildActionMask = 2147483647;
			dstPath = /usr/share/man/man1/;
			dstSubfolderSpec = 0;
			files = (
			);
			runOnlyForDeploymentPostprocessing = 1;
		};
/* End PBXCopyFilesBuildPhase section */

/* Begin PBXFileReference section */
		6BA18B5A1B02FD6D001F0E95 /* LibLinearObj */ = {isa = PBXFileReference; explicitFileType = "compiled.mach-o.executable"; includeInIndex = 0; path = LibLinearObj; sourceTree = BUILT_PRODUCTS_DIR; };
		6BA18B5D1B02FD6D001F0E95 /* main.cpp */ = {isa = PBXFileReference; lastKnownFileType = sourcecode.cpp.cpp; path = main.cpp; sourceTree = "<group>"; };
		6BA18B641B02FDC3001F0E95 /* LibLinear.hpp */ = {isa = PBXFileReference; fileEncoding = 4; lastKnownFileType = sourcecode.cpp.h; path = LibLinear.hpp; sourceTree = "<group>"; };
		6BA18B651B02FDC3001F0E95 /* linear.cpp */ = {isa = PBXFileReference; fileEncoding = 4; lastKnownFileType = sourcecode.cpp.cpp; path = linear.cpp; sourceTree = "<group>"; };
		6BA18B661B02FDC3001F0E95 /* linear.h */ = {isa = PBXFileReference; fileEncoding = 4; lastKnownFileType = sourcecode.c.h; path = linear.h; sourceTree = "<group>"; };
		6BA18B671B02FDC3001F0E95 /* tron.cpp */ = {isa = PBXFileReference; fileEncoding = 4; lastKnownFileType = sourcecode.cpp.cpp; path = tron.cpp; sourceTree = "<group>"; };
		6BA18B681B02FDC3001F0E95 /* tron.h */ = {isa = PBXFileReference; fileEncoding = 4; lastKnownFileType = sourcecode.c.h; path = tron.h; sourceTree = "<group>"; };
		6BA18B6C1B02FE5B001F0E95 /* libopencv_calib3d.2.4.11.dylib */ = {isa = PBXFileReference; lastKnownFileType = "compiled.mach-o.dylib"; name = libopencv_calib3d.2.4.11.dylib; path = ../../../../../usr/local/Cellar/opencv/2.4.11_1/lib/libopencv_calib3d.2.4.11.dylib; sourceTree = "<group>"; };
		6BA18B6D1B02FE5B001F0E95 /* libopencv_contrib.2.4.11.dylib */ = {isa = PBXFileReference; lastKnownFileType = "compiled.mach-o.dylib"; name = libopencv_contrib.2.4.11.dylib; path = ../../../../../usr/local/Cellar/opencv/2.4.11_1/lib/libopencv_contrib.2.4.11.dylib; sourceTree = "<group>"; };
		6BA18B6E1B02FE5B001F0E95 /* libopencv_core.2.4.11.dylib */ = {isa = PBXFileReference; lastKnownFileType = "compiled.mach-o.dylib"; name = libopencv_core.2.4.11.dylib; path = ../../../../../usr/local/Cellar/opencv/2.4.11_1/lib/libopencv_core.2.4.11.dylib; sourceTree = "<group>"; };
		6BA18B6F1B02FE5B001F0E95 /* libopencv_features2d.2.4.11.dylib */ = {isa = PBXFileReference; lastKnownFileType = "compiled.mach-o.dylib"; name = libopencv_features2d.2.4.11.dylib; path = ../../../../../usr/local/Cellar/opencv/2.4.11_1/lib/libopencv_features2d.2.4.11.dylib; sourceTree = "<group>"; };
		6BA18B701B02FE5B001F0E95 /* libopencv_flann.2.4.11.dylib */ = {isa = PBXFileReference; lastKnownFileType = "compiled.mach-o.dylib"; name = libopencv_flann.2.4.11.dylib; path = ../../../../../usr/local/Cellar/opencv/2.4.11_1/lib/libopencv_flann.2.4.11.dylib; sourceTree = "<group>"; };
		6BA18B711B02FE5B001F0E95 /* libopencv_gpu.2.4.11.dylib */ = {isa = PBXFileReference; lastKnownFileType = "compiled.mach-o.dylib"; name = libopencv_gpu.2.4.11.dylib; path = ../../../../../usr/local/Cellar/opencv/2.4.11_1/lib/libopencv_gpu.2.4.11.dylib; sourceTree = "<group>"; };
		6BA18B721B02FE5B001F0E95 /* libopencv_highgui.2.4.11.dylib */ = {isa = PBXFileReference; lastKnownFileType = "compiled.mach-o.dylib"; name = libopencv_highgui.2.4.11.dylib; path = ../../../../../usr/local/Cellar/opencv/2.4.11_1/lib/libopencv_highgui.2.4.11.dylib; sourceTree = "<group>"; };
		6BA18B731B02FE5B001F0E95 /* libopencv_imgproc.2.4.11.dylib */ = {isa = PBXFileReference; lastKnownFileType = "compiled.mach-o.dylib"; name = libopencv_imgproc.2.4.11.dylib; path = ../../../../../usr/local/Cellar/opencv/2.4.11_1/lib/libopencv_imgproc.2.4.11.dylib; sourceTree = "<group>"; };
		6BA18B741B02FE5B001F0E95 /* libopencv_legacy.2.4.11.dylib */ = {isa = PBXFileReference; lastKnownFileType = "compiled.mach-o.dylib"; name = libopencv_legacy.2.4.11.dylib; path = ../../../../../usr/local/Cellar/opencv/2.4.11_1/lib/libopencv_legacy.2.4.11.dylib; sourceTree = "<group>"; };
		6BA18B751B02FE5B001F0E95 /* libopencv_ml.2.4.11.dylib */ = {isa = PBXFileReference; lastKnownFileType = "compiled.mach-o.dylib"; name = libopencv_ml.2.4.11.dylib; path = ../../../../../usr/local/Cellar/opencv/2.4.11_1/lib/libopencv_ml.2.4.11.dylib; sourceTree = "<group>"; };
		6BA18B761B02FE5B001F0E95 /* libopencv_nonfree.2.4.11.dylib */ = {isa = PBXFileReference; lastKnownFileType = "compiled.mach-o.dylib"; name = libopencv_nonfree.2.4.11.dylib; path = ../../../../../usr/local/Cellar/opencv/2.4.11_1/lib/libopencv_nonfree.2.4.11.dylib; sourceTree = "<group>"; };
		6BA18B771B02FE5B001F0E95 /* libopencv_objdetect.2.4.11.dylib */ = {isa = PBXFileReference; lastKnownFileType = "compiled.mach-o.dylib"; name = libopencv_objdetect.2.4.11.dylib; path = ../../../../../usr/local/Cellar/opencv/2.4.11_1/lib/libopencv_objdetect.2.4.11.dylib; sourceTree = "<group>"; };
		6BA18B781B02FE5B001F0E95 /* libopencv_ocl.2.4.11.dylib */ = {isa = PBXFileReference; lastKnownFileType = "compiled.mach-o.dylib"; name = libopencv_ocl.2.4.11.dylib; path = ../../../../../usr/local/Cellar/opencv/2.4.11_1/lib/libopencv_ocl.2.4.11.dylib; sourceTree = "<group>"; };
		6BA18B791B02FE5B001F0E95 /* libopencv_photo.2.4.11.dylib */ = {isa = PBXFileReference; lastKnownFileType = "compiled.mach-o.dylib"; name = libopencv_photo.2.4.11.dylib; path = ../../../../../usr/local/Cellar/opencv/2.4.11_1/lib/libopencv_photo.2.4.11.dylib; sourceTree = "<group>"; };
		6BA18B7A1B02FE5B001F0E95 /* libopencv_stitching.2.4.11.dylib */ = {isa = PBXFileReference; lastKnownFileType = "compiled.mach-o.dylib"; name = libopencv_stitching.2.4.11.dylib; path = ../../../../../usr/local/Cellar/opencv/2.4.11_1/lib/libopencv_stitching.2.4.11.dylib; sourceTree = "<group>"; };
		6BA18B7B1B02FE5B001F0E95 /* libopencv_superres.2.4.11.dylib */ = {isa = PBXFileReference; lastKnownFileType = "compiled.mach-o.dylib"; name = libopencv_superres.2.4.11.dylib; path = ../../../../../usr/local/Cellar/opencv/2.4.11_1/lib/libopencv_superres.2.4.11.dylib; sourceTree = "<group>"; };
		6BA18B7C1B02FE5B001F0E95 /* libopencv_video.2.4.11.dylib */ = {isa = PBXFileReference; lastKnownFileType = "compiled.mach-o.dylib"; name = libopencv_video.2.4.11.dylib; path = ../../../../../usr/local/Cellar/opencv/2.4.11_1/lib/libopencv_video.2.4.11.dylib; sourceTree = "<group>"; };
		6BA18B7D1B02FE5B001F0E95 /* libopencv_videostab.2.4.11.dylib */ = {isa = PBXFileReference; lastKnownFileType = "compiled.mach-o.dylib"; name = libopencv_videostab.2.4.11.dylib; path = ../../../../../usr/local/Cellar/opencv/2.4.11_1/lib/libopencv_videostab.2.4.11.dylib; sourceTree = "<group>"; };
		6BA18B941B02FF44001F0E95 /* blas.h */ = {isa = PBXFileReference; fileEncoding = 4; lastKnownFileType = sourcecode.c.h; name = blas.h; path = blas/blas.h; sourceTree = "<group>"; };
		6BA18B951B02FF44001F0E95 /* blasp.h */ = {isa = PBXFileReference; fileEncoding = 4; lastKnownFileType = sourcecode.c.h; name = blasp.h; path = blas/blasp.h; sourceTree = "<group>"; };
		6BA18B961B02FF44001F0E95 /* daxpy.c */ = {isa = PBXFileReference; fileEncoding = 4; lastKnownFileType = sourcecode.c.c; name = daxpy.c; path = blas/daxpy.c; sourceTree = "<group>"; };
		6BA18B971B02FF44001F0E95 /* ddot.c */ = {isa = PBXFileReference; fileEncoding = 4; lastKnownFileType = sourcecode.c.c; name = ddot.c; path = blas/ddot.c; sourceTree = "<group>"; };
		6BA18B981B02FF44001F0E95 /* dnrm2.c */ = {isa = PBXFileReference; fileEncoding = 4; lastKnownFileType = sourcecode.c.c; name = dnrm2.c; path = blas/dnrm2.c; sourceTree = "<group>"; };
		6BA18B991B02FF44001F0E95 /* dscal.c */ = {isa = PBXFileReference; fileEncoding = 4; lastKnownFileType = sourcecode.c.c; name = dscal.c; path = blas/dscal.c; sourceTree = "<group>"; };
/* End PBXFileReference section */

/* Begin PBXFrameworksBuildPhase section */
		6BA18B571B02FD6D001F0E95 /* Frameworks */ = {
			isa = PBXFrameworksBuildPhase;
			buildActionMask = 2147483647;
			files = (
				6BA18B821B02FE5B001F0E95 /* libopencv_flann.2.4.11.dylib in Frameworks */,
				6BA18B8C1B02FE5B001F0E95 /* libopencv_stitching.2.4.11.dylib in Frameworks */,
				6BA18B831B02FE5B001F0E95 /* libopencv_gpu.2.4.11.dylib in Frameworks */,
				6BA18B8E1B02FE5B001F0E95 /* libopencv_video.2.4.11.dylib in Frameworks */,
				6BA18B7F1B02FE5B001F0E95 /* libopencv_contrib.2.4.11.dylib in Frameworks */,
				6BA18B841B02FE5B001F0E95 /* libopencv_highgui.2.4.11.dylib in Frameworks */,
				6BA18B851B02FE5B001F0E95 /* libopencv_imgproc.2.4.11.dylib in Frameworks */,
				6BA18B8A1B02FE5B001F0E95 /* libopencv_ocl.2.4.11.dylib in Frameworks */,
				6BA18B811B02FE5B001F0E95 /* libopencv_features2d.2.4.11.dylib in Frameworks */,
				6BA18B8B1B02FE5B001F0E95 /* libopencv_photo.2.4.11.dylib in Frameworks */,
				6BA18B801B02FE5B001F0E95 /* libopencv_core.2.4.11.dylib in Frameworks */,
				6BA18B7E1B02FE5B001F0E95 /* libopencv_calib3d.2.4.11.dylib in Frameworks */,
				6BA18B861B02FE5B001F0E95 /* libopencv_legacy.2.4.11.dylib in Frameworks */,
				6BA18B871B02FE5B001F0E95 /* libopencv_ml.2.4.11.dylib in Frameworks */,
				6BA18B8D1B02FE5B001F0E95 /* libopencv_superres.2.4.11.dylib in Frameworks */,
				6BA18B891B02FE5B001F0E95 /* libopencv_objdetect.2.4.11.dylib in Frameworks */,
				6BA18B8F1B02FE5B001F0E95 /* libopencv_videostab.2.4.11.dylib in Frameworks */,
				6BA18B881B02FE5B001F0E95 /* libopencv_nonfree.2.4.11.dylib in Frameworks */,
			);
			runOnlyForDeploymentPostprocessing = 0;
		};
/* End PBXFrameworksBuildPhase section */

/* Begin PBXGroup section */
		6BA18B511B02FD6D001F0E95 = {
			isa = PBXGroup;
			children = (
				6BA18B6B1B02FE16001F0E95 /* OpenCV Libs */,
				6BA18B5C1B02FD6D001F0E95 /* LibLinearObj */,
				6BA18B5B1B02FD6D001F0E95 /* Products */,
			);
			sourceTree = "<group>";
		};
		6BA18B5B1B02FD6D001F0E95 /* Products */ = {
			isa = PBXGroup;
			children = (
				6BA18B5A1B02FD6D001F0E95 /* LibLinearObj */,
			);
			name = Products;
			sourceTree = "<group>";
		};
		6BA18B5C1B02FD6D001F0E95 /* LibLinearObj */ = {
			isa = PBXGroup;
			children = (
				6BA18B941B02FF44001F0E95 /* blas.h */,
				6BA18B951B02FF44001F0E95 /* blasp.h */,
				6BA18B961B02FF44001F0E95 /* daxpy.c */,
				6BA18B971B02FF44001F0E95 /* ddot.c */,
				6BA18B981B02FF44001F0E95 /* dnrm2.c */,
				6BA18B991B02FF44001F0E95 /* dscal.c */,
				6BA18B641B02FDC3001F0E95 /* LibLinear.hpp */,
				6BA18B651B02FDC3001F0E95 /* linear.cpp */,
				6BA18B661B02FDC3001F0E95 /* linear.h */,
				6BA18B671B02FDC3001F0E95 /* tron.cpp */,
				6BA18B681B02FDC3001F0E95 /* tron.h */,
				6BA18B5D1B02FD6D001F0E95 /* main.cpp */,
			);
			path = LibLinearObj;
			sourceTree = "<group>";
		};
		6BA18B6B1B02FE16001F0E95 /* OpenCV Libs */ = {
			isa = PBXGroup;
			children = (
				6BA18B6C1B02FE5B001F0E95 /* libopencv_calib3d.2.4.11.dylib */,
				6BA18B6D1B02FE5B001F0E95 /* libopencv_contrib.2.4.11.dylib */,
				6BA18B6E1B02FE5B001F0E95 /* libopencv_core.2.4.11.dylib */,
				6BA18B6F1B02FE5B001F0E95 /* libopencv_features2d.2.4.11.dylib */,
				6BA18B701B02FE5B001F0E95 /* libopencv_flann.2.4.11.dylib */,
				6BA18B711B02FE5B001F0E95 /* libopencv_gpu.2.4.11.dylib */,
				6BA18B721B02FE5B001F0E95 /* libopencv_highgui.2.4.11.dylib */,
				6BA18B731B02FE5B001F0E95 /* libopencv_imgproc.2.4.11.dylib */,
				6BA18B741B02FE5B001F0E95 /* libopencv_legacy.2.4.11.dylib */,
				6BA18B751B02FE5B001F0E95 /* libopencv_ml.2.4.11.dylib */,
				6BA18B761B02FE5B001F0E95 /* libopencv_nonfree.2.4.11.dylib */,
				6BA18B771B02FE5B001F0E95 /* libopencv_objdetect.2.4.11.dylib */,
				6BA18B781B02FE5B001F0E95 /* libopencv_ocl.2.4.11.dylib */,
				6BA18B791B02FE5B001F0E95 /* libopencv_photo.2.4.11.dylib */,
				6BA18B7A1B02FE5B001F0E95 /* libopencv_stitching.2.4.11.dylib */,
				6BA18B7B1B02FE5B001F0E95 /* libopencv_superres.2.4.11.dylib */,
				6BA18B7C1B02FE5B001F0E95 /* libopencv_video.2.4.11.dylib */,
				6BA18B7D1B02FE5B001F0E95 /* libopencv_videostab.2.4.11.dylib */,
			);
			name = "OpenCV Libs";
			sourceTree = "<group>";
		};
/* End PBXGroup section */

/* Begin PBXNativeTarget section */
		6BA18B591B02FD6D001F0E95 /* LibLinearObj */ = {
			isa = PBXNativeTarget;
			buildConfigurationList = 6BA18B611B02FD6D001F0E95 /* Build configuration list for PBXNativeTarget "LibLinearObj" */;
			buildPhases = (
				6BA18B561B02FD6D001F0E95 /* Sources */,
				6BA18B571B02FD6D001F0E95 /* Frameworks */,
				6BA18B581B02FD6D001F0E95 /* CopyFiles */,
			);
			buildRules = (
			);
			dependencies = (
			);
			name = LibLinearObj;
			productName = LibLinearObj;
			productReference = 6BA18B5A1B02FD6D001F0E95 /* LibLinearObj */;
			productType = "com.apple.product-type.tool";
		};
/* End PBXNativeTarget section */

/* Begin PBXProject section */
		6BA18B521B02FD6D001F0E95 /* Project object */ = {
			isa = PBXProject;
			attributes = {
				LastUpgradeCheck = 0630;
				ORGANIZATIONNAME = GuoPei;
				TargetAttributes = {
					6BA18B591B02FD6D001F0E95 = {
						CreatedOnToolsVersion = 6.3.1;
					};
				};
			};
			buildConfigurationList = 6BA18B551B02FD6D001F0E95 /* Build configuration list for PBXProject "LibLinearObj" */;
			compatibilityVersion = "Xcode 3.2";
			developmentRegion = English;
			hasScannedForEncodings = 0;
			knownRegions = (
				en,
			);
			mainGroup = 6BA18B511B02FD6D001F0E95;
			productRefGroup = 6BA18B5B1B02FD6D001F0E95 /* Products */;
			projectDirPath = "";
			projectRoot = "";
			targets = (
				6BA18B591B02FD6D001F0E95 /* LibLinearObj */,
			);
		};
/* End PBXProject section */

/* Begin PBXSourcesBuildPhase section */
		6BA18B561B02FD6D001F0E95 /* Sources */ = {
			isa = PBXSourcesBuildPhase;
			buildActionMask = 2147483647;
			files = (
				6BA18B9B1B02FF44001F0E95 /* ddot.c in Sources */,
				6BA18B9D1B02FF44001F0E95 /* dscal.c in Sources */,
				6BA18B691B02FDC3001F0E95 /* linear.cpp in Sources */,
				6BA18B5E1B02FD6D001F0E95 /* main.cpp in Sources */,
				6BA18B9C1B02FF44001F0E95 /* dnrm2.c in Sources */,
				6BA18B9A1B02FF44001F0E95 /* daxpy.c in Sources */,
				6BA18B6A1B02FDC3001F0E95 /* tron.cpp in Sources */,
			);
			runOnlyForDeploymentPostprocessing = 0;
		};
/* End PBXSourcesBuildPhase section */

/* Begin XCBuildConfiguration section */
		6BA18B5F1B02FD6D001F0E95 /* Debug */ = {
			isa = XCBuildConfiguration;
			buildSettings = {
				ALWAYS_SEARCH_USER_PATHS = NO;
				CLANG_CXX_LANGUAGE_STANDARD = "gnu++0x";
				CLANG_CXX_LIBRARY = "libc++";
				CLANG_ENABLE_MODULES = YES;
				CLANG_ENABLE_OBJC_ARC = YES;
				CLANG_WARN_BOOL_CONVERSION = YES;
				CLANG_WARN_CONSTANT_CONVERSION = YES;
				CLANG_WARN_DIRECT_OBJC_ISA_USAGE = YES_ERROR;
				CLANG_WARN_EMPTY_BODY = YES;
				CLANG_WARN_ENUM_CONVERSION = YES;
				CLANG_WARN_INT_CONVERSION = YES;
				CLANG_WARN_OBJC_ROOT_CLASS = YES_ERROR;
				CLANG_WARN_UNREACHABLE_CODE = YES;
				CLANG_WARN__DUPLICATE_METHOD_MATCH = YES;
				COPY_PHASE_STRIP = NO;
				DEBUG_INFORMATION_FORMAT = dwarf;
				ENABLE_STRICT_OBJC_MSGSEND = YES;
				GCC_C_LANGUAGE_STANDARD = gnu99;
				GCC_DYNAMIC_NO_PIC = NO;
				GCC_NO_COMMON_BLOCKS = YES;
				GCC_OPTIMIZATION_LEVEL = 0;
				GCC_PREPROCESSOR_DEFINITIONS = (
					"DEBUG=1",
					"$(inherited)",
				);
				GCC_SYMBOLS_PRIVATE_EXTERN = NO;
				GCC_WARN_64_TO_32_BIT_CONVERSION = YES;
				GCC_WARN_ABOUT_RETURN_TYPE = YES_ERROR;
				GCC_WARN_UNDECLARED_SELECTOR = YES;
				GCC_WARN_UNINITIALIZED_AUTOS = YES_AGGRESSIVE;
				GCC_WARN_UNUSED_FUNCTION = YES;
				GCC_WARN_UNUSED_VARIABLE = YES;
				MACOSX_DEPLOYMENT_TARGET = 10.10;
				MTL_ENABLE_DEBUG_INFO = YES;
				ONLY_ACTIVE_ARCH = YES;
				SDKROOT = macosx;
			};
			name = Debug;
		};
		6BA18B601B02FD6D001F0E95 /* Release */ = {
			isa = XCBuildConfiguration;
			buildSettings = {
				ALWAYS_SEARCH_USER_PATHS = NO;
				CLANG_CXX_LANGUAGE_STANDARD = "gnu++0x";
				CLANG_CXX_LIBRARY = "libc++";
				CLANG_ENABLE_MODULES = YES;
				CLANG_ENABLE_OBJC_ARC = YES;
				CLANG_WARN_BOOL_CONVERSION = YES;
				CLANG_WARN_CONSTANT_CONVERSION = YES;
				CLANG_WARN_DIRECT_OBJC_ISA_USAGE = YES_ERROR;
				CLANG_WARN_EMPTY_BODY = YES;
				CLANG_WARN_ENUM_CONVERSION = YES;
				CLANG_WARN_INT_CONVERSION = YES;
				CLANG_WARN_OBJC_ROOT_CLASS = YES_ERROR;
				CLANG_WARN_UNREACHABLE_CODE = YES;
				CLANG_WARN__DUPLICATE_METHOD_MATCH = YES;
				COPY_PHASE_STRIP = NO;
				DEBUG_INFORMATION_FORMAT = "dwarf-with-dsym";
				ENABLE_NS_ASSERTIONS = NO;
				ENABLE_STRICT_OBJC_MSGSEND = YES;
				GCC_C_LANGUAGE_STANDARD = gnu99;
				GCC_NO_COMMON_BLOCKS = YES;
				GCC_WARN_64_TO_32_BIT_CONVERSION = YES;
				GCC_WARN_ABOUT_RETURN_TYPE = YES_ERROR;
				GCC_WARN_UNDECLARED_SELECTOR = YES;
				GCC_WARN_UNINITIALIZED_AUTOS = YES_AGGRESSIVE;
				GCC_WARN_UNUSED_FUNCTION = YES;
				GCC_WARN_UNUSED_VARIABLE = YES;
				MACOSX_DEPLOYMENT_TARGET = 10.10;
				MTL_ENABLE_DEBUG_INFO = NO;
				SDKROOT = macosx;
			};
			name = Release;
		};
		6BA18B621B02FD6D001F0E95 /* Debug */ = {
			isa = XCBuildConfiguration;
			buildSettings = {
				HEADER_SEARCH_PATHS = (
					"$(inherited)",
					/usr/local/include/opencv2,
					/usr/local/include/opencv,
					/usr/local/include,
					/Applications/Xcode.app/Contents/Developer/Toolchains/XcodeDefault.xctoolchain/usr/include,
				);
				LIBRARY_SEARCH_PATHS = (
					"$(inherited)",
					/usr/local/Cellar/opencv/2.4.11_1/lib,
				);
				PRODUCT_NAME = "$(TARGET_NAME)";
			};
			name = Debug;
		};
		6BA18B631B02FD6D001F0E95 /* Release */ = {
			isa = XCBuildConfiguration;
			buildSettings = {
				HEADER_SEARCH_PATHS = (
					"$(inherited)",
					/usr/local/include/opencv2,
					/usr/local/include/opencv,
					/usr/local/include,
					/Applications/Xcode.app/Contents/Developer/Toolchains/XcodeDefault.xctoolchain/usr/include,
				);
				LIBRARY_SEARCH_PATHS = (
					"$(inherited)",
					/usr/local/Cellar/opencv/2.4.11_1/lib,
				);
				PRODUCT_NAME = "$(TARGET_NAME)";
			};
			name = Release;
		};
/* End XCBuildConfiguration section */

/* Begin XCConfigurationList section */
		6BA18B551B02FD6D001F0E95 /* Build configuration list for PBXProject "LibLinearObj" */ = {
			isa = XCConfigurationList;
			buildConfigurations = (
				6BA18B5F1B02FD6D001F0E95 /* Debug */,
				6BA18B601B02FD6D001F0E95 /* Release */,
			);
			defaultConfigurationIsVisible = 0;
			defaultConfigurationName = Release;
		};
		6BA18B611B02FD6D001F0E95 /* Build configuration list for PBXNativeTarget "LibLinearObj" */ = {
			isa = XCConfigurationList;
			buildConfigurations = (
				6BA18B621B02FD6D001F0E95 /* Debug */,
				6BA18B631B02FD6D001F0E95 /* Release */,
			);
			defaultConfigurationIsVisible = 0;
			defaultConfigurationName = Release;
		};
/* End XCConfigurationList section */
	};
	rootObject = 6BA18B521B02FD6D001F0E95 /* Project object */;
}
